
Microsoft Visual Studio Solution File, Format Version 12.00
# Visual Studio Version 17
VisualStudioVersion = 17.11.35208.52
MinimumVisualStudioVersion = 10.0.40219.1
Project("{9A19103F-16F7-4668-BE54-9A1E7A4F7556}") = "Regulation.Components.Razor", "Regulation.Components.Razor\Regulation.Components.Razor.csproj", "{2E197BB9-5B96-4C17-AA0A-018EFF0842E6}"
EndProject
Project("{9A19103F-16F7-4668-BE54-9A1E7A4F7556}") = "Regulation.Components", "Regulation.Components\Regulation.Components.csproj", "{D7509FF5-E196-47BE-A358-C916978971BD}"
EndProject
Project("{9A19103F-16F7-4668-BE54-9A1E7A4F7556}") = "LionkApp", "..\Lionk\src\App\LionkApp\LionkApp.csproj", "{FA6B478B-5D8B-48A8-A259-C2344C261768}"
EndProject
Project("{9A19103F-16F7-4668-BE54-9A1E7A4F7556}") = "Lionk.Core", "..\Lionk\src\Lib\Lionk.Core\Lionk.Core.csproj", "{98EE7164-BDAF-4B79-9FC4-8DA69654355F}"
EndProject
Project("{9A19103F-16F7-4668-BE54-9A1E7A4F7556}") = "Lionk.Utils", "..\Lionk\src\Lib\Lionk.Utils\Lionk.Utils.csproj", "{A992E2D7-3A68-4285-8B78-44DA633BF787}"
EndProject
Project("{9A19103F-16F7-4668-BE54-9A1E7A4F7556}") = "Lionk.Logger", "..\Lionk\src\Lib\Lionk.Logger\Lionk.Logger.csproj", "{6E6825F5-3B95-4120-B13E-15A683C2D77F}"
EndProject
Project("{9A19103F-16F7-4668-BE54-9A1E7A4F7556}") = "Lionk.Auth", "..\Lionk\src\Lib\Lionk.Auth\Lionk.Auth.csproj", "{5E7ED476-6C42-4761-B24D-DD46F5FCC074}"
EndProject
Project("{9A19103F-16F7-4668-BE54-9A1E7A4F7556}") = "Lionk.Auth.Razor", "..\Lionk\src\Lib\Lionk.Auth.Razor\Lionk.Auth.Razor.csproj", "{7D63179F-AF5C-499A-A288-6E271A404920}"
EndProject
Project("{9A19103F-16F7-4668-BE54-9A1E7A4F7556}") = "Lionk.Core.Razor", "..\Lionk\src\Lib\Lionk.Core.Razor\Lionk.Core.Razor.csproj", "{23171728-A9A0-40D6-A4B0-1A1FB62BF653}"
EndProject
Project("{9A19103F-16F7-4668-BE54-9A1E7A4F7556}") = "Lionk.Notification", "..\Lionk\src\Lib\Lionk.Notification\Lionk.Notification.csproj", "{9F20CB17-AE95-44BA-858B-49F9998817F4}"
EndProject
Project("{9A19103F-16F7-4668-BE54-9A1E7A4F7556}") = "Lionk.Plugin", "..\Lionk\src\Lib\Lionk.Plugin\Lionk.Plugin.csproj", "{6B8F947C-627C-4758-BB11-375EC19546A4}"
EndProject
Project("{9A19103F-16F7-4668-BE54-9A1E7A4F7556}") = "Lionk.Plugin.Blazor", "..\Lionk\src\Lib\Lionk.Plugin.Blazor\Lionk.Plugin.Blazor.csproj", "{8A8F9810-C757-4930-BADE-965C77654432}"
EndProject
Project("{9A19103F-16F7-4668-BE54-9A1E7A4F7556}") = "Lionk.Rpi.Gpio", "..\Lionk-rpi-components\src\Lionk.Rpi.Gpio\Lionk.Rpi.Gpio.csproj", "{3679EF91-2E8C-4D4B-8A7B-E525156E5DA8}"
EndProject
Project("{9A19103F-16F7-4668-BE54-9A1E7A4F7556}") = "Lionk.Rpi.Gpio.Razor", "..\Lionk-rpi-components\src\Lionk.Rpi.Gpio.Razor\Lionk.Rpi.Gpio.Razor.csproj", "{CD0CF089-5088-4D82-B487-EF4E04248BB0}"
EndProject
Project("{9A19103F-16F7-4668-BE54-9A1E7A4F7556}") = "Lionk.Rpi.TemperatureSensor", "..\Lionk-rpi-components\src\Lionk.Rpi.TemperatureSensor\Lionk.Rpi.TemperatureSensor.csproj", "{C092AA67-83A9-4F87-A887-DD31C3F61B50}"
EndProject
Project("{9A19103F-16F7-4668-BE54-9A1E7A4F7556}") = "Lionk.Rpi.TemperatureSensor.Razor", "..\Lionk-rpi-components\src\Lionk.Rpi.TemperatureSensor.Razor\Lionk.Rpi.TemperatureSensor.Razor.csproj", "{CC0EB3E9-D701-49E1-BB7E-C5180C504E7A}"
EndProject
Global
	GlobalSection(SolutionConfigurationPlatforms) = preSolution
		Debug|Any CPU = Debug|Any CPU
		Debug|x64 = Debug|x64
		Debug|x86 = Debug|x86
		Release|Any CPU = Release|Any CPU
		Release|x64 = Release|x64
		Release|x86 = Release|x86
	EndGlobalSection
	GlobalSection(ProjectConfigurationPlatforms) = postSolution
		{2E197BB9-5B96-4C17-AA0A-018EFF0842E6}.Debug|Any CPU.ActiveCfg = Debug|Any CPU
		{2E197BB9-5B96-4C17-AA0A-018EFF0842E6}.Debug|Any CPU.Build.0 = Debug|Any CPU
		{2E197BB9-5B96-4C17-AA0A-018EFF0842E6}.Debug|x64.ActiveCfg = Debug|Any CPU
		{2E197BB9-5B96-4C17-AA0A-018EFF0842E6}.Debug|x64.Build.0 = Debug|Any CPU
		{2E197BB9-5B96-4C17-AA0A-018EFF0842E6}.Debug|x86.ActiveCfg = Debug|Any CPU
		{2E197BB9-5B96-4C17-AA0A-018EFF0842E6}.Debug|x86.Build.0 = Debug|Any CPU
		{2E197BB9-5B96-4C17-AA0A-018EFF0842E6}.Release|Any CPU.ActiveCfg = Release|Any CPU
		{2E197BB9-5B96-4C17-AA0A-018EFF0842E6}.Release|Any CPU.Build.0 = Release|Any CPU
		{2E197BB9-5B96-4C17-AA0A-018EFF0842E6}.Release|x64.ActiveCfg = Release|Any CPU
		{2E197BB9-5B96-4C17-AA0A-018EFF0842E6}.Release|x64.Build.0 = Release|Any CPU
		{2E197BB9-5B96-4C17-AA0A-018EFF0842E6}.Release|x86.ActiveCfg = Release|Any CPU
		{2E197BB9-5B96-4C17-AA0A-018EFF0842E6}.Release|x86.Build.0 = Release|Any CPU
		{D7509FF5-E196-47BE-A358-C916978971BD}.Debug|Any CPU.ActiveCfg = Debug|Any CPU
		{D7509FF5-E196-47BE-A358-C916978971BD}.Debug|Any CPU.Build.0 = Debug|Any CPU
		{D7509FF5-E196-47BE-A358-C916978971BD}.Debug|x64.ActiveCfg = Debug|Any CPU
		{D7509FF5-E196-47BE-A358-C916978971BD}.Debug|x64.Build.0 = Debug|Any CPU
		{D7509FF5-E196-47BE-A358-C916978971BD}.Debug|x86.ActiveCfg = Debug|Any CPU
		{D7509FF5-E196-47BE-A358-C916978971BD}.Debug|x86.Build.0 = Debug|Any CPU
		{D7509FF5-E196-47BE-A358-C916978971BD}.Release|Any CPU.ActiveCfg = Release|Any CPU
		{D7509FF5-E196-47BE-A358-C916978971BD}.Release|Any CPU.Build.0 = Release|Any CPU
		{D7509FF5-E196-47BE-A358-C916978971BD}.Release|x64.ActiveCfg = Release|Any CPU
		{D7509FF5-E196-47BE-A358-C916978971BD}.Release|x64.Build.0 = Release|Any CPU
		{D7509FF5-E196-47BE-A358-C916978971BD}.Release|x86.ActiveCfg = Release|Any CPU
		{D7509FF5-E196-47BE-A358-C916978971BD}.Release|x86.Build.0 = Release|Any CPU
		{FA6B478B-5D8B-48A8-A259-C2344C261768}.Debug|Any CPU.ActiveCfg = Debug|Any CPU
		{FA6B478B-5D8B-48A8-A259-C2344C261768}.Debug|Any CPU.Build.0 = Debug|Any CPU
		{FA6B478B-5D8B-48A8-A259-C2344C261768}.Debug|x64.ActiveCfg = Debug|x64
		{FA6B478B-5D8B-48A8-A259-C2344C261768}.Debug|x64.Build.0 = Debug|x64
		{FA6B478B-5D8B-48A8-A259-C2344C261768}.Debug|x86.ActiveCfg = Debug|x86
		{FA6B478B-5D8B-48A8-A259-C2344C261768}.Debug|x86.Build.0 = Debug|x86
		{FA6B478B-5D8B-48A8-A259-C2344C261768}.Release|Any CPU.ActiveCfg = Release|Any CPU
		{FA6B478B-5D8B-48A8-A259-C2344C261768}.Release|Any CPU.Build.0 = Release|Any CPU
		{FA6B478B-5D8B-48A8-A259-C2344C261768}.Release|x64.ActiveCfg = Release|x64
		{FA6B478B-5D8B-48A8-A259-C2344C261768}.Release|x64.Build.0 = Release|x64
		{FA6B478B-5D8B-48A8-A259-C2344C261768}.Release|x86.ActiveCfg = Release|x86
		{FA6B478B-5D8B-48A8-A259-C2344C261768}.Release|x86.Build.0 = Release|x86
		{98EE7164-BDAF-4B79-9FC4-8DA69654355F}.Debug|Any CPU.ActiveCfg = Debug|Any CPU
		{98EE7164-BDAF-4B79-9FC4-8DA69654355F}.Debug|Any CPU.Build.0 = Debug|Any CPU
		{98EE7164-BDAF-4B79-9FC4-8DA69654355F}.Debug|x64.ActiveCfg = Debug|x64
		{98EE7164-BDAF-4B79-9FC4-8DA69654355F}.Debug|x64.Build.0 = Debug|x64
		{98EE7164-BDAF-4B79-9FC4-8DA69654355F}.Debug|x86.ActiveCfg = Debug|x86
		{98EE7164-BDAF-4B79-9FC4-8DA69654355F}.Debug|x86.Build.0 = Debug|x86
		{98EE7164-BDAF-4B79-9FC4-8DA69654355F}.Release|Any CPU.ActiveCfg = Release|Any CPU
		{98EE7164-BDAF-4B79-9FC4-8DA69654355F}.Release|Any CPU.Build.0 = Release|Any CPU
		{98EE7164-BDAF-4B79-9FC4-8DA69654355F}.Release|x64.ActiveCfg = Release|x64
		{98EE7164-BDAF-4B79-9FC4-8DA69654355F}.Release|x64.Build.0 = Release|x64
		{98EE7164-BDAF-4B79-9FC4-8DA69654355F}.Release|x86.ActiveCfg = Release|x86
		{98EE7164-BDAF-4B79-9FC4-8DA69654355F}.Release|x86.Build.0 = Release|x86
		{A992E2D7-3A68-4285-8B78-44DA633BF787}.Debug|Any CPU.ActiveCfg = Debug|Any CPU
		{A992E2D7-3A68-4285-8B78-44DA633BF787}.Debug|Any CPU.Build.0 = Debug|Any CPU
		{A992E2D7-3A68-4285-8B78-44DA633BF787}.Debug|x64.ActiveCfg = Debug|x64
		{A992E2D7-3A68-4285-8B78-44DA633BF787}.Debug|x64.Build.0 = Debug|x64
		{A992E2D7-3A68-4285-8B78-44DA633BF787}.Debug|x86.ActiveCfg = Debug|x86
		{A992E2D7-3A68-4285-8B78-44DA633BF787}.Debug|x86.Build.0 = Debug|x86
		{A992E2D7-3A68-4285-8B78-44DA633BF787}.Release|Any CPU.ActiveCfg = Release|Any CPU
		{A992E2D7-3A68-4285-8B78-44DA633BF787}.Release|Any CPU.Build.0 = Release|Any CPU
		{A992E2D7-3A68-4285-8B78-44DA633BF787}.Release|x64.ActiveCfg = Release|x64
		{A992E2D7-3A68-4285-8B78-44DA633BF787}.Release|x64.Build.0 = Release|x64
		{A992E2D7-3A68-4285-8B78-44DA633BF787}.Release|x86.ActiveCfg = Release|x86
		{A992E2D7-3A68-4285-8B78-44DA633BF787}.Release|x86.Build.0 = Release|x86
		{6E6825F5-3B95-4120-B13E-15A683C2D77F}.Debug|Any CPU.ActiveCfg = Debug|Any CPU
		{6E6825F5-3B95-4120-B13E-15A683C2D77F}.Debug|Any CPU.Build.0 = Debug|Any CPU
		{6E6825F5-3B95-4120-B13E-15A683C2D77F}.Debug|x64.ActiveCfg = Debug|x64
		{6E6825F5-3B95-4120-B13E-15A683C2D77F}.Debug|x64.Build.0 = Debug|x64
		{6E6825F5-3B95-4120-B13E-15A683C2D77F}.Debug|x86.ActiveCfg = Debug|x86
		{6E6825F5-3B95-4120-B13E-15A683C2D77F}.Debug|x86.Build.0 = Debug|x86
		{6E6825F5-3B95-4120-B13E-15A683C2D77F}.Release|Any CPU.ActiveCfg = Release|Any CPU
		{6E6825F5-3B95-4120-B13E-15A683C2D77F}.Release|Any CPU.Build.0 = Release|Any CPU
		{6E6825F5-3B95-4120-B13E-15A683C2D77F}.Release|x64.ActiveCfg = Release|x64
		{6E6825F5-3B95-4120-B13E-15A683C2D77F}.Release|x64.Build.0 = Release|x64
		{6E6825F5-3B95-4120-B13E-15A683C2D77F}.Release|x86.ActiveCfg = Release|x86
		{6E6825F5-3B95-4120-B13E-15A683C2D77F}.Release|x86.Build.0 = Release|x86
		{5E7ED476-6C42-4761-B24D-DD46F5FCC074}.Debug|Any CPU.ActiveCfg = Debug|Any CPU
		{5E7ED476-6C42-4761-B24D-DD46F5FCC074}.Debug|Any CPU.Build.0 = Debug|Any CPU
		{5E7ED476-6C42-4761-B24D-DD46F5FCC074}.Debug|x64.ActiveCfg = Debug|x64
		{5E7ED476-6C42-4761-B24D-DD46F5FCC074}.Debug|x64.Build.0 = Debug|x64
		{5E7ED476-6C42-4761-B24D-DD46F5FCC074}.Debug|x86.ActiveCfg = Debug|x86
		{5E7ED476-6C42-4761-B24D-DD46F5FCC074}.Debug|x86.Build.0 = Debug|x86
		{5E7ED476-6C42-4761-B24D-DD46F5FCC074}.Release|Any CPU.ActiveCfg = Release|Any CPU
		{5E7ED476-6C42-4761-B24D-DD46F5FCC074}.Release|Any CPU.Build.0 = Release|Any CPU
		{5E7ED476-6C42-4761-B24D-DD46F5FCC074}.Release|x64.ActiveCfg = Release|x64
		{5E7ED476-6C42-4761-B24D-DD46F5FCC074}.Release|x64.Build.0 = Release|x64
		{5E7ED476-6C42-4761-B24D-DD46F5FCC074}.Release|x86.ActiveCfg = Release|x86
		{5E7ED476-6C42-4761-B24D-DD46F5FCC074}.Release|x86.Build.0 = Release|x86
		{7D63179F-AF5C-499A-A288-6E271A404920}.Debug|Any CPU.ActiveCfg = Debug|Any CPU
		{7D63179F-AF5C-499A-A288-6E271A404920}.Debug|Any CPU.Build.0 = Debug|Any CPU
		{7D63179F-AF5C-499A-A288-6E271A404920}.Debug|x64.ActiveCfg = Debug|x64
		{7D63179F-AF5C-499A-A288-6E271A404920}.Debug|x64.Build.0 = Debug|x64
		{7D63179F-AF5C-499A-A288-6E271A404920}.Debug|x86.ActiveCfg = Debug|x86
		{7D63179F-AF5C-499A-A288-6E271A404920}.Debug|x86.Build.0 = Debug|x86
		{7D63179F-AF5C-499A-A288-6E271A404920}.Release|Any CPU.ActiveCfg = Release|Any CPU
		{7D63179F-AF5C-499A-A288-6E271A404920}.Release|Any CPU.Build.0 = Release|Any CPU
		{7D63179F-AF5C-499A-A288-6E271A404920}.Release|x64.ActiveCfg = Release|x64
		{7D63179F-AF5C-499A-A288-6E271A404920}.Release|x64.Build.0 = Release|x64
		{7D63179F-AF5C-499A-A288-6E271A404920}.Release|x86.ActiveCfg = Release|x86
		{7D63179F-AF5C-499A-A288-6E271A404920}.Release|x86.Build.0 = Release|x86
		{23171728-A9A0-40D6-A4B0-1A1FB62BF653}.Debug|Any CPU.ActiveCfg = Debug|Any CPU
		{23171728-A9A0-40D6-A4B0-1A1FB62BF653}.Debug|Any CPU.Build.0 = Debug|Any CPU
		{23171728-A9A0-40D6-A4B0-1A1FB62BF653}.Debug|x64.ActiveCfg = Debug|x64
		{23171728-A9A0-40D6-A4B0-1A1FB62BF653}.Debug|x64.Build.0 = Debug|x64
		{23171728-A9A0-40D6-A4B0-1A1FB62BF653}.Debug|x86.ActiveCfg = Debug|x86
		{23171728-A9A0-40D6-A4B0-1A1FB62BF653}.Debug|x86.Build.0 = Debug|x86
		{23171728-A9A0-40D6-A4B0-1A1FB62BF653}.Release|Any CPU.ActiveCfg = Release|Any CPU
		{23171728-A9A0-40D6-A4B0-1A1FB62BF653}.Release|Any CPU.Build.0 = Release|Any CPU
		{23171728-A9A0-40D6-A4B0-1A1FB62BF653}.Release|x64.ActiveCfg = Release|x64
		{23171728-A9A0-40D6-A4B0-1A1FB62BF653}.Release|x64.Build.0 = Release|x64
		{23171728-A9A0-40D6-A4B0-1A1FB62BF653}.Release|x86.ActiveCfg = Release|x86
		{23171728-A9A0-40D6-A4B0-1A1FB62BF653}.Release|x86.Build.0 = Release|x86
		{9F20CB17-AE95-44BA-858B-49F9998817F4}.Debug|Any CPU.ActiveCfg = Debug|Any CPU
		{9F20CB17-AE95-44BA-858B-49F9998817F4}.Debug|Any CPU.Build.0 = Debug|Any CPU
		{9F20CB17-AE95-44BA-858B-49F9998817F4}.Debug|x64.ActiveCfg = Debug|x64
		{9F20CB17-AE95-44BA-858B-49F9998817F4}.Debug|x64.Build.0 = Debug|x64
		{9F20CB17-AE95-44BA-858B-49F9998817F4}.Debug|x86.ActiveCfg = Debug|x86
		{9F20CB17-AE95-44BA-858B-49F9998817F4}.Debug|x86.Build.0 = Debug|x86
		{9F20CB17-AE95-44BA-858B-49F9998817F4}.Release|Any CPU.ActiveCfg = Release|Any CPU
		{9F20CB17-AE95-44BA-858B-49F9998817F4}.Release|Any CPU.Build.0 = Release|Any CPU
		{9F20CB17-AE95-44BA-858B-49F9998817F4}.Release|x64.ActiveCfg = Release|x64
		{9F20CB17-AE95-44BA-858B-49F9998817F4}.Release|x64.Build.0 = Release|x64
		{9F20CB17-AE95-44BA-858B-49F9998817F4}.Release|x86.ActiveCfg = Release|x86
		{9F20CB17-AE95-44BA-858B-49F9998817F4}.Release|x86.Build.0 = Release|x86
		{6B8F947C-627C-4758-BB11-375EC19546A4}.Debug|Any CPU.ActiveCfg = Debug|Any CPU
		{6B8F947C-627C-4758-BB11-375EC19546A4}.Debug|Any CPU.Build.0 = Debug|Any CPU
		{6B8F947C-627C-4758-BB11-375EC19546A4}.Debug|x64.ActiveCfg = Debug|x64
		{6B8F947C-627C-4758-BB11-375EC19546A4}.Debug|x64.Build.0 = Debug|x64
		{6B8F947C-627C-4758-BB11-375EC19546A4}.Debug|x86.ActiveCfg = Debug|x86
		{6B8F947C-627C-4758-BB11-375EC19546A4}.Debug|x86.Build.0 = Debug|x86
		{6B8F947C-627C-4758-BB11-375EC19546A4}.Release|Any CPU.ActiveCfg = Release|Any CPU
		{6B8F947C-627C-4758-BB11-375EC19546A4}.Release|Any CPU.Build.0 = Release|Any CPU
		{6B8F947C-627C-4758-BB11-375EC19546A4}.Release|x64.ActiveCfg = Release|x64
		{6B8F947C-627C-4758-BB11-375EC19546A4}.Release|x64.Build.0 = Release|x64
		{6B8F947C-627C-4758-BB11-375EC19546A4}.Release|x86.ActiveCfg = Release|x86
		{6B8F947C-627C-4758-BB11-375EC19546A4}.Release|x86.Build.0 = Release|x86
		{8A8F9810-C757-4930-BADE-965C77654432}.Debug|Any CPU.ActiveCfg = Debug|Any CPU
		{8A8F9810-C757-4930-BADE-965C77654432}.Debug|Any CPU.Build.0 = Debug|Any CPU
		{8A8F9810-C757-4930-BADE-965C77654432}.Debug|x64.ActiveCfg = Debug|x64
		{8A8F9810-C757-4930-BADE-965C77654432}.Debug|x64.Build.0 = Debug|x64
		{8A8F9810-C757-4930-BADE-965C77654432}.Debug|x86.ActiveCfg = Debug|x86
		{8A8F9810-C757-4930-BADE-965C77654432}.Debug|x86.Build.0 = Debug|x86
		{8A8F9810-C757-4930-BADE-965C77654432}.Release|Any CPU.ActiveCfg = Release|Any CPU
		{8A8F9810-C757-4930-BADE-965C77654432}.Release|Any CPU.Build.0 = Release|Any CPU
		{8A8F9810-C757-4930-BADE-965C77654432}.Release|x64.ActiveCfg = Release|x64
		{8A8F9810-C757-4930-BADE-965C77654432}.Release|x64.Build.0 = Release|x64
		{8A8F9810-C757-4930-BADE-965C77654432}.Release|x86.ActiveCfg = Release|x86
		{8A8F9810-C757-4930-BADE-965C77654432}.Release|x86.Build.0 = Release|x86
		{3679EF91-2E8C-4D4B-8A7B-E525156E5DA8}.Debug|Any CPU.ActiveCfg = Debug|Any CPU
		{3679EF91-2E8C-4D4B-8A7B-E525156E5DA8}.Debug|Any CPU.Build.0 = Debug|Any CPU
		{3679EF91-2E8C-4D4B-8A7B-E525156E5DA8}.Debug|x64.ActiveCfg = Debug|x64
		{3679EF91-2E8C-4D4B-8A7B-E525156E5DA8}.Debug|x64.Build.0 = Debug|x64
		{3679EF91-2E8C-4D4B-8A7B-E525156E5DA8}.Debug|x86.ActiveCfg = Debug|x86
		{3679EF91-2E8C-4D4B-8A7B-E525156E5DA8}.Debug|x86.Build.0 = Debug|x86
		{3679EF91-2E8C-4D4B-8A7B-E525156E5DA8}.Release|Any CPU.ActiveCfg = Release|Any CPU
		{3679EF91-2E8C-4D4B-8A7B-E525156E5DA8}.Release|Any CPU.Build.0 = Release|Any CPU
		{3679EF91-2E8C-4D4B-8A7B-E525156E5DA8}.Release|x64.ActiveCfg = Release|x64
		{3679EF91-2E8C-4D4B-8A7B-E525156E5DA8}.Release|x64.Build.0 = Release|x64
		{3679EF91-2E8C-4D4B-8A7B-E525156E5DA8}.Release|x86.ActiveCfg = Release|x86
		{3679EF91-2E8C-4D4B-8A7B-E525156E5DA8}.Release|x86.Build.0 = Release|x86
		{CD0CF089-5088-4D82-B487-EF4E04248BB0}.Debug|Any CPU.ActiveCfg = Debug|Any CPU
		{CD0CF089-5088-4D82-B487-EF4E04248BB0}.Debug|Any CPU.Build.0 = Debug|Any CPU
		{CD0CF089-5088-4D82-B487-EF4E04248BB0}.Debug|x64.ActiveCfg = Debug|x64
		{CD0CF089-5088-4D82-B487-EF4E04248BB0}.Debug|x64.Build.0 = Debug|x64
		{CD0CF089-5088-4D82-B487-EF4E04248BB0}.Debug|x86.ActiveCfg = Debug|x86
		{CD0CF089-5088-4D82-B487-EF4E04248BB0}.Debug|x86.Build.0 = Debug|x86
		{CD0CF089-5088-4D82-B487-EF4E04248BB0}.Release|Any CPU.ActiveCfg = Release|Any CPU
		{CD0CF089-5088-4D82-B487-EF4E04248BB0}.Release|Any CPU.Build.0 = Release|Any CPU
		{CD0CF089-5088-4D82-B487-EF4E04248BB0}.Release|x64.ActiveCfg = Release|x64
		{CD0CF089-5088-4D82-B487-EF4E04248BB0}.Release|x64.Build.0 = Release|x64
		{CD0CF089-5088-4D82-B487-EF4E04248BB0}.Release|x86.ActiveCfg = Release|x86
		{CD0CF089-5088-4D82-B487-EF4E04248BB0}.Release|x86.Build.0 = Release|x86
		{C092AA67-83A9-4F87-A887-DD31C3F61B50}.Debug|Any CPU.ActiveCfg = Debug|Any CPU
		{C092AA67-83A9-4F87-A887-DD31C3F61B50}.Debug|Any CPU.Build.0 = Debug|Any CPU
		{C092AA67-83A9-4F87-A887-DD31C3F61B50}.Debug|x64.ActiveCfg = Debug|x64
		{C092AA67-83A9-4F87-A887-DD31C3F61B50}.Debug|x64.Build.0 = Debug|x64
		{C092AA67-83A9-4F87-A887-DD31C3F61B50}.Debug|x86.ActiveCfg = Debug|x86
		{C092AA67-83A9-4F87-A887-DD31C3F61B50}.Debug|x86.Build.0 = Debug|x86
		{C092AA67-83A9-4F87-A887-DD31C3F61B50}.Release|Any CPU.ActiveCfg = Release|Any CPU
		{C092AA67-83A9-4F87-A887-DD31C3F61B50}.Release|Any CPU.Build.0 = Release|Any CPU
		{C092AA67-83A9-4F87-A887-DD31C3F61B50}.Release|x64.ActiveCfg = Release|x64
		{C092AA67-83A9-4F87-A887-DD31C3F61B50}.Release|x64.Build.0 = Release|x64
		{C092AA67-83A9-4F87-A887-DD31C3F61B50}.Release|x86.ActiveCfg = Release|x86
		{C092AA67-83A9-4F87-A887-DD31C3F61B50}.Release|x86.Build.0 = Release|x86
		{CC0EB3E9-D701-49E1-BB7E-C5180C504E7A}.Debug|Any CPU.ActiveCfg = Debug|Any CPU
		{CC0EB3E9-D701-49E1-BB7E-C5180C504E7A}.Debug|Any CPU.Build.0 = Debug|Any CPU
		{CC0EB3E9-D701-49E1-BB7E-C5180C504E7A}.Debug|x64.ActiveCfg = Debug|x64
		{CC0EB3E9-D701-49E1-BB7E-C5180C504E7A}.Debug|x64.Build.0 = Debug|x64
		{CC0EB3E9-D701-49E1-BB7E-C5180C504E7A}.Debug|x86.ActiveCfg = Debug|x86
		{CC0EB3E9-D701-49E1-BB7E-C5180C504E7A}.Debug|x86.Build.0 = Debug|x86
		{CC0EB3E9-D701-49E1-BB7E-C5180C504E7A}.Release|Any CPU.ActiveCfg = Release|Any CPU
		{CC0EB3E9-D701-49E1-BB7E-C5180C504E7A}.Release|Any CPU.Build.0 = Release|Any CPU
		{CC0EB3E9-D701-49E1-BB7E-C5180C504E7A}.Release|x64.ActiveCfg = Release|x64
		{CC0EB3E9-D701-49E1-BB7E-C5180C504E7A}.Release|x64.Build.0 = Release|x64
		{CC0EB3E9-D701-49E1-BB7E-C5180C504E7A}.Release|x86.ActiveCfg = Release|x86
		{CC0EB3E9-D701-49E1-BB7E-C5180C504E7A}.Release|x86.Build.0 = Release|x86
	EndGlobalSection
	GlobalSection(SolutionProperties) = preSolution
		HideSolutionNode = FALSE
	EndGlobalSection
	GlobalSection(ExtensibilityGlobals) = postSolution
		SolutionGuid = {08989A7C-64EF-4891-A70B-D2E3272C1BFB}
	EndGlobalSection
EndGlobal
